{
  "name": "gold-entity",
  "version": "1.0.0",
  "lockfileVersion": 2,
  "requires": true,
  "packages": {
    "": {
      "name": "gold-entity",
      "version": "1.0.0",
      "license": "ISC",
      "dependencies": {
        "gold": "github:atomino-framework/gold-ui",
        "marked": "^3.0.2",
        "svelma": "^0.4.5",
        "svelte": "^3.42.4"
      }
    },
    "node_modules/@creativebulma/bulma-divider": {
      "version": "1.1.0",
      "resolved": "https://registry.npmjs.org/@creativebulma/bulma-divider/-/bulma-divider-1.1.0.tgz",
      "integrity": "sha512-Lx5MlUhgAnTF+wNZ5LXcaE1K0F2m0Pkwte1p08FBsIyRV6Oq7BuKPk/O9XJPcF+vR6BjCxNy/hjYFXtNmoXbNg=="
    },
    "node_modules/@fortawesome/fontawesome-free": {
      "version": "5.15.4",
      "resolved": "https://npm.fontawesome.com/@fortawesome/fontawesome-free/-/5.15.4/fontawesome-free-5.15.4.tgz",
      "integrity": "sha512-eYm8vijH/hpzr/6/1CJ/V/Eb1xQFW2nnUKArb3z+yUWv7HTwj6M7SP957oMjfZjAHU6qpoNc2wQvIxBLWYa/Jg==",
      "hasInstallScript": true,
      "engines": {
        "node": ">=6"
      }
    },
    "node_modules/@fortawesome/fontawesome-pro": {
      "version": "5.15.4",
      "resolved": "https://npm.fontawesome.com/@fortawesome/fontawesome-pro/-/5.15.4/fontawesome-pro-5.15.4.tgz",
      "integrity": "sha512-ApOqpDdKgA79xfLZH3B5PucZxj+TZyQUSrZ4bKkbJCR+zjmveQ4/gp/uXc5bNNhsdtJUy16BYJ/lAVydca2Y5Q==",
      "hasInstallScript": true,
      "engines": {
        "node": ">=6"
      }
    },
    "node_modules/bulma": {
      "version": "0.9.3",
      "resolved": "https://registry.npmjs.org/bulma/-/bulma-0.9.3.tgz",
      "integrity": "sha512-0d7GNW1PY4ud8TWxdNcP6Cc8Bu7MxcntD/RRLGWuiw/s0a9P+XlH/6QoOIrmbj6o8WWJzJYhytiu9nFjTszk1g=="
    },
    "node_modules/bulma-prefers-dark": {
      "version": "0.1.0-beta.0",
      "resolved": "https://registry.npmjs.org/bulma-prefers-dark/-/bulma-prefers-dark-0.1.0-beta.0.tgz",
      "integrity": "sha512-EeDW8pQrkYEOXo2l3WykfghbUzi8jlQWGI+Cu2HwmXwQHMcoGF6yiKYCNShttN+8z3atq8fLWh3B7pqXUV4fBA=="
    },
    "node_modules/bulmaswatch": {
      "version": "0.8.1",
      "resolved": "https://registry.npmjs.org/bulmaswatch/-/bulmaswatch-0.8.1.tgz",
      "integrity": "sha512-7HGm5v9If6gzxbTht4/oVS0dhySp6g/JyTrxmpSXHXgDQXivvxiuVmcJOZo3PFv9GAOn4om7SK36I2V8W81sgw=="
    },
    "node_modules/font-awesome-animation": {
      "version": "1.1.1",
      "resolved": "https://registry.npmjs.org/font-awesome-animation/-/font-awesome-animation-1.1.1.tgz",
      "integrity": "sha512-WHl4zhyb0LeqT+v2JClv5yNZ+63e2Mbbu+9ycL3FGVHtZA8zn4iaMBxA6AgcJySLlfdjuTEA0lBZBW2CE1cwpQ==",
      "engines": {
        "node": ">=12.0.0"
      }
    },
    "node_modules/font-awesome-filetypes": {
      "version": "2.1.0",
      "resolved": "https://registry.npmjs.org/font-awesome-filetypes/-/font-awesome-filetypes-2.1.0.tgz",
      "integrity": "sha512-U6hi14GRjfZFIWsTNyVmCBuHyPhiizWEKVbaQqHipKQv3rA1l1PNvmKulzpqxonFnQMToty5ZhfWbc/0IjLDGA=="
    },
    "node_modules/gold": {
      "version": "1.0.0",
      "resolved": "git+ssh://git@github.com/atomino-framework/gold-ui.git#71537dab39423a561b15e13b5b9a92ab75d20398",
      "license": "ISC",
      "dependencies": {
        "@creativebulma/bulma-divider": "^1.1.0",
        "@fortawesome/fontawesome-free": "^5.15.3",
        "@fortawesome/fontawesome-pro": "^5.15.3",
        "bulma": "^0.9.3",
        "bulma-prefers-dark": "*",
        "bulmaswatch": "^0.8.1",
        "font-awesome-animation": "^1.1.1",
        "font-awesome-filetypes": "^2.1.0",
        "svelma": "^0.4.5",
        "svelte": "^3.42.4"
      }
    },
    "node_modules/marked": {
      "version": "3.0.2",
      "resolved": "https://registry.npmjs.org/marked/-/marked-3.0.2.tgz",
      "integrity": "sha512-TMJQQ79Z0e3rJYazY0tIoMsFzteUGw9fB3FD+gzuIT3zLuG9L9ckIvUfF51apdJkcqc208jJN2KbtPbOvXtbjA==",
      "bin": {
        "marked": "bin/marked"
      },
      "engines": {
        "node": ">= 12"
      }
    },
    "node_modules/svelma": {
      "version": "0.4.5",
      "resolved": "https://registry.npmjs.org/svelma/-/svelma-0.4.5.tgz",
      "integrity": "sha512-9FadKnZf7j7E/IL7HYpIiRKr76Dt9FVdmeOQvFU89E8ivwhBgibD8aGqjlKMcKkKrh1L2ed2qOnolz951u1dwg==",
      "peerDependencies": {
        "bulma": "^0.9.2"
      }
    },
    "node_modules/svelte": {
      "version": "3.42.4",
      "resolved": "https://registry.npmjs.org/svelte/-/svelte-3.42.4.tgz",
      "integrity": "sha512-DqC0AmDdBrrbIA+Kzl3yhBb6qCn4vZOAfxye2pTnIpinLegyagC5sLI8Pe9GPlXu9VpHBXIwpDDedpMfu++epA==",
      "engines": {
        "node": ">= 8"
      }
    }
  },
  "dependencies": {
    "@creativebulma/bulma-divider": {
      "version": "1.1.0",
      "resolved": "https://registry.npmjs.org/@creativebulma/bulma-divider/-/bulma-divider-1.1.0.tgz",
      "integrity": "sha512-Lx5MlUhgAnTF+wNZ5LXcaE1K0F2m0Pkwte1p08FBsIyRV6Oq7BuKPk/O9XJPcF+vR6BjCxNy/hjYFXtNmoXbNg=="
    },
    "@fortawesome/fontawesome-free": {
      "version": "5.15.4",
      "resolved": "https://npm.fontawesome.com/@fortawesome/fontawesome-free/-/5.15.4/fontawesome-free-5.15.4.tgz",
      "integrity": "sha512-eYm8vijH/hpzr/6/1CJ/V/Eb1xQFW2nnUKArb3z+yUWv7HTwj6M7SP957oMjfZjAHU6qpoNc2wQvIxBLWYa/Jg=="
    },
    "@fortawesome/fontawesome-pro": {
      "version": "5.15.4",
      "resolved": "https://npm.fontawesome.com/@fortawesome/fontawesome-pro/-/5.15.4/fontawesome-pro-5.15.4.tgz",
      "integrity": "sha512-ApOqpDdKgA79xfLZH3B5PucZxj+TZyQUSrZ4bKkbJCR+zjmveQ4/gp/uXc5bNNhsdtJUy16BYJ/lAVydca2Y5Q=="
    },
    "bulma": {
      "version": "0.9.3",
      "resolved": "https://registry.npmjs.org/bulma/-/bulma-0.9.3.tgz",
      "integrity": "sha512-0d7GNW1PY4ud8TWxdNcP6Cc8Bu7MxcntD/RRLGWuiw/s0a9P+XlH/6QoOIrmbj6o8WWJzJYhytiu9nFjTszk1g=="
    },
    "bulma-prefers-dark": {
      "version": "0.1.0-beta.0",
      "resolved": "https://registry.npmjs.org/bulma-prefers-dark/-/bulma-prefers-dark-0.1.0-beta.0.tgz",
      "integrity": "sha512-EeDW8pQrkYEOXo2l3WykfghbUzi8jlQWGI+Cu2HwmXwQHMcoGF6yiKYCNShttN+8z3atq8fLWh3B7pqXUV4fBA=="
    },
    "bulmaswatch": {
      "version": "0.8.1",
      "resolved": "https://registry.npmjs.org/bulmaswatch/-/bulmaswatch-0.8.1.tgz",
      "integrity": "sha512-7HGm5v9If6gzxbTht4/oVS0dhySp6g/JyTrxmpSXHXgDQXivvxiuVmcJOZo3PFv9GAOn4om7SK36I2V8W81sgw=="
    },
    "font-awesome-animation": {
      "version": "1.1.1",
      "resolved": "https://registry.npmjs.org/font-awesome-animation/-/font-awesome-animation-1.1.1.tgz",
      "integrity": "sha512-WHl4zhyb0LeqT+v2JClv5yNZ+63e2Mbbu+9ycL3FGVHtZA8zn4iaMBxA6AgcJySLlfdjuTEA0lBZBW2CE1cwpQ=="
    },
    "font-awesome-filetypes": {
      "version": "2.1.0",
      "resolved": "https://registry.npmjs.org/font-awesome-filetypes/-/font-awesome-filetypes-2.1.0.tgz",
      "integrity": "sha512-U6hi14GRjfZFIWsTNyVmCBuHyPhiizWEKVbaQqHipKQv3rA1l1PNvmKulzpqxonFnQMToty5ZhfWbc/0IjLDGA=="
    },
    "gold": {
      "version": "git+ssh://git@github.com/atomino-framework/gold-ui.git#71537dab39423a561b15e13b5b9a92ab75d20398",
      "from": "gold@github:atomino-framework/gold-ui",
      "requires": {
        "@creativebulma/bulma-divider": "^1.1.0",
        "@fortawesome/fontawesome-free": "^5.15.3",
        "@fortawesome/fontawesome-pro": "^5.15.3",
        "bulma": "^0.9.3",
        "bulma-prefers-dark": "*",
        "bulmaswatch": "^0.8.1",
        "font-awesome-animation": "^1.1.1",
        "font-awesome-filetypes": "^2.1.0",
        "svelma": "^0.4.5",
        "svelte": "^3.42.4"
      }
    },
    "marked": {
      "version": "3.0.2",
      "resolved": "https://registry.npmjs.org/marked/-/marked-3.0.2.tgz",
      "integrity": "sha512-TMJQQ79Z0e3rJYazY0tIoMsFzteUGw9fB3FD+gzuIT3zLuG9L9ckIvUfF51apdJkcqc208jJN2KbtPbOvXtbjA=="
    },
    "svelma": {
      "version": "0.4.5",
      "resolved": "https://registry.npmjs.org/svelma/-/svelma-0.4.5.tgz",
      "integrity": "sha512-9FadKnZf7j7E/IL7HYpIiRKr76Dt9FVdmeOQvFU89E8ivwhBgibD8aGqjlKMcKkKrh1L2ed2qOnolz951u1dwg==",
      "requires": {}
    },
    "svelte": {
      "version": "3.42.4",
      "resolved": "https://registry.npmjs.org/svelte/-/svelte-3.42.4.tgz",
      "integrity": "sha512-DqC0AmDdBrrbIA+Kzl3yhBb6qCn4vZOAfxye2pTnIpinLegyagC5sLI8Pe9GPlXu9VpHBXIwpDDedpMfu++epA=="
    }
  }
}
