{
  "name": "gold-entity",
  "version": "1.0.0",
  "lockfileVersion": 2,
  "requires": true,
  "packages": {
    "": {
      "name": "gold-entity",
      "version": "1.0.0",
      "license": "ISC",
      "dependencies": {
        "gold": "github:atomino-framework/gold-ui",
        "svelma": "^0.4.5",
        "svelte": "^3.42.4"
      }
    },
    "node_modules/bulma": {
      "version": "0.9.3",
      "resolved": "https://registry.npmjs.org/bulma/-/bulma-0.9.3.tgz",
      "integrity": "sha512-0d7GNW1PY4ud8TWxdNcP6Cc8Bu7MxcntD/RRLGWuiw/s0a9P+XlH/6QoOIrmbj6o8WWJzJYhytiu9nFjTszk1g==",
      "peer": true
    },
    "node_modules/gold": {
      "version": "1.0.0",
      "resolved": "git+ssh://git@github.com/atomino-framework/gold-ui.git#80fad92306e0a617a7264e890a61fb38b1012ea9",
      "license": "ISC",
      "dependencies": {
        "svelma": "^0.4.5",
        "svelte": "^3.42.4"
      }
    },
    "node_modules/svelma": {
      "version": "0.4.5",
      "resolved": "https://registry.npmjs.org/svelma/-/svelma-0.4.5.tgz",
      "integrity": "sha512-9FadKnZf7j7E/IL7HYpIiRKr76Dt9FVdmeOQvFU89E8ivwhBgibD8aGqjlKMcKkKrh1L2ed2qOnolz951u1dwg==",
      "peerDependencies": {
        "bulma": "^0.9.2"
      }
    },
    "node_modules/svelte": {
      "version": "3.42.4",
      "resolved": "https://registry.npmjs.org/svelte/-/svelte-3.42.4.tgz",
      "integrity": "sha512-DqC0AmDdBrrbIA+Kzl3yhBb6qCn4vZOAfxye2pTnIpinLegyagC5sLI8Pe9GPlXu9VpHBXIwpDDedpMfu++epA==",
      "engines": {
        "node": ">= 8"
      }
    }
  },
  "dependencies": {
    "bulma": {
      "version": "0.9.3",
      "resolved": "https://registry.npmjs.org/bulma/-/bulma-0.9.3.tgz",
      "integrity": "sha512-0d7GNW1PY4ud8TWxdNcP6Cc8Bu7MxcntD/RRLGWuiw/s0a9P+XlH/6QoOIrmbj6o8WWJzJYhytiu9nFjTszk1g==",
      "peer": true
    },
    "gold": {
      "version": "git+ssh://git@github.com/atomino-framework/gold-ui.git#80fad92306e0a617a7264e890a61fb38b1012ea9",
      "from": "gold@github:atomino-framework/gold-ui",
      "requires": {
        "svelma": "^0.4.5",
        "svelte": "^3.42.4"
      }
    },
    "svelma": {
      "version": "0.4.5",
      "resolved": "https://registry.npmjs.org/svelma/-/svelma-0.4.5.tgz",
      "integrity": "sha512-9FadKnZf7j7E/IL7HYpIiRKr76Dt9FVdmeOQvFU89E8ivwhBgibD8aGqjlKMcKkKrh1L2ed2qOnolz951u1dwg==",
      "requires": {}
    },
    "svelte": {
      "version": "3.42.4",
      "resolved": "https://registry.npmjs.org/svelte/-/svelte-3.42.4.tgz",
      "integrity": "sha512-DqC0AmDdBrrbIA+Kzl3yhBb6qCn4vZOAfxye2pTnIpinLegyagC5sLI8Pe9GPlXu9VpHBXIwpDDedpMfu++epA=="
    }
  }
}
